
Microsoft Visual Studio Solution File, Format Version 12.00
# Visual Studio Version 16
VisualStudioVersion = 16.0.29411.138
MinimumVisualStudioVersion = 10.0.40219.1
Project("{FAE04EC0-301F-11D3-BF4B-00C04F79EFBC}") = "Set_State_Example", "Set_State_Example\Set_State_Example.csproj", "{32A76BE9-4D71-43CC-941E-1F2542C85AB0}"
EndProject
Global
	GlobalSection(SolutionConfigurationPlatforms) = preSolution
		Debug|Any CPU = Debug|Any CPU
		Release|Any CPU = Release|Any CPU
	EndGlobalSection
	GlobalSection(ProjectConfigurationPlatforms) = postSolution
		{32A76BE9-4D71-43CC-941E-1F2542C85AB0}.Debug|Any CPU.ActiveCfg = Debug|Any CPU
		{32A76BE9-4D71-43CC-941E-1F2542C85AB0}.Debug|Any CPU.Build.0 = Debug|Any CPU
		{32A76BE9-4D71-43CC-941E-1F2542C85AB0}.Release|Any CPU.ActiveCfg = Release|Any CPU
		{32A76BE9-4D71-43CC-941E-1F2542C85AB0}.Release|Any CPU.Build.0 = Release|Any CPU
	EndGlobalSection
	GlobalSection(SolutionProperties) = preSolution
		HideSolutionNode = FALSE
	EndGlobalSection
	GlobalSection(ExtensibilityGlobals) = postSolution
		SolutionGuid = {51B3AD14-B8A0-471D-AB78-54C06BA227E2}
	EndGlobalSection
EndGlobal
