
Microsoft Visual Studio Solution File, Format Version 12.00
# Visual Studio Version 16
VisualStudioVersion = 16.0.29319.158
MinimumVisualStudioVersion = 10.0.40219.1
Project("{FAE04EC0-301F-11D3-BF4B-00C04F79EFBC}") = "COM_Tutorial", "COM_Tutorial\COM_Tutorial.csproj", "{55209E96-D254-4482-9CC4-6C1B9C62128F}"
EndProject
Global
	GlobalSection(SolutionConfigurationPlatforms) = preSolution
		Debug|Any CPU = Debug|Any CPU
		Release|Any CPU = Release|Any CPU
	EndGlobalSection
	GlobalSection(ProjectConfigurationPlatforms) = postSolution
		{55209E96-D254-4482-9CC4-6C1B9C62128F}.Debug|Any CPU.ActiveCfg = Debug|Any CPU
		{55209E96-D254-4482-9CC4-6C1B9C62128F}.Debug|Any CPU.Build.0 = Debug|Any CPU
		{55209E96-D254-4482-9CC4-6C1B9C62128F}.Release|Any CPU.ActiveCfg = Release|Any CPU
		{55209E96-D254-4482-9CC4-6C1B9C62128F}.Release|Any CPU.Build.0 = Release|Any CPU
	EndGlobalSection
	GlobalSection(SolutionProperties) = preSolution
		HideSolutionNode = FALSE
	EndGlobalSection
	GlobalSection(ExtensibilityGlobals) = postSolution
		SolutionGuid = {C2994273-1842-4ACC-8FA1-FDABCA9B1B8D}
	EndGlobalSection
EndGlobal
